
Microsoft Visual Studio Solution File, Format Version 12.00
# Visual Studio Version 17
VisualStudioVersion = 17.8.34511.84
MinimumVisualStudioVersion = 10.0.40219.1
Project("{FAE04EC0-301F-11D3-BF4B-00C04F79EFBC}") = "WebLagoon.Web", "WebLagoon.Web\WebLagoon.Web.csproj", "{CEA86870-D6C9-4C59-B7B2-D2BAF198DEDE}"
EndProject
Global
	GlobalSection(SolutionConfigurationPlatforms) = preSolution
		Debug|Any CPU = Debug|Any CPU
		Release|Any CPU = Release|Any CPU
	EndGlobalSection
	GlobalSection(ProjectConfigurationPlatforms) = postSolution
		{CEA86870-D6C9-4C59-B7B2-D2BAF198DEDE}.Debug|Any CPU.ActiveCfg = Debug|Any CPU
		{CEA86870-D6C9-4C59-B7B2-D2BAF198DEDE}.Debug|Any CPU.Build.0 = Debug|Any CPU
		{CEA86870-D6C9-4C59-B7B2-D2BAF198DEDE}.Release|Any CPU.ActiveCfg = Release|Any CPU
		{CEA86870-D6C9-4C59-B7B2-D2BAF198DEDE}.Release|Any CPU.Build.0 = Release|Any CPU
	EndGlobalSection
	GlobalSection(SolutionProperties) = preSolution
		HideSolutionNode = FALSE
	EndGlobalSection
	GlobalSection(ExtensibilityGlobals) = postSolution
		SolutionGuid = {9DEC1C8B-6AF2-4B34-BDB9-5188A7ECC155}
	EndGlobalSection
EndGlobal
